# THIS IS AN AUTOGENERATED FILE. DO NOT EDIT THIS FILE DIRECTLY.
# yarn lockfile v1


docsify-tabs@^1.6.3:
  version "1.6.3"
  resolved "https://registry.yarnpkg.com/docsify-tabs/-/docsify-tabs-1.6.3.tgz#4fac34f64164b1392f90811b15823369f0bcca90"
  integrity sha512-RTOPdY6U4cS8z/Bmr+WTFWBUIJPe8z4dH/hpodvrlBvLqAqtwMBHdaP2YVrWAMS7P3qUct7rrFgc/UXcdLV92w==
